
Microsoft Visual Studio Solution File, Format Version 12.00
# Visual Studio Version 16
VisualStudioVersion = 16.0.31702.278
MinimumVisualStudioVersion = 10.0.40219.1
Project("{FAE04EC0-301F-11D3-BF4B-00C04F79EFBC}") = "CatalogGamesApi", "CatalogGamesApi\CatalogGamesApi.csproj", "{9DC22EA3-3E1F-468D-A78A-763D7FE601BF}"
EndProject
Global
	GlobalSection(SolutionConfigurationPlatforms) = preSolution
		Debug|Any CPU = Debug|Any CPU
		Release|Any CPU = Release|Any CPU
	EndGlobalSection
	GlobalSection(ProjectConfigurationPlatforms) = postSolution
		{9DC22EA3-3E1F-468D-A78A-763D7FE601BF}.Debug|Any CPU.ActiveCfg = Debug|Any CPU
		{9DC22EA3-3E1F-468D-A78A-763D7FE601BF}.Debug|Any CPU.Build.0 = Debug|Any CPU
		{9DC22EA3-3E1F-468D-A78A-763D7FE601BF}.Release|Any CPU.ActiveCfg = Release|Any CPU
		{9DC22EA3-3E1F-468D-A78A-763D7FE601BF}.Release|Any CPU.Build.0 = Release|Any CPU
	EndGlobalSection
	GlobalSection(SolutionProperties) = preSolution
		HideSolutionNode = FALSE
	EndGlobalSection
	GlobalSection(ExtensibilityGlobals) = postSolution
		SolutionGuid = {B39C9030-CBF2-4926-8C45-CDCCD76ED87A}
	EndGlobalSection
EndGlobal
